
Microsoft Visual Studio Solution File, Format Version 12.00
# Visual Studio 15
Project("{FAE04EC0-301F-11D3-BF4B-00C04F79EFBC}") = "FoodDrinkUIApp.Android", "FoodDrinkUIApp.Android\FoodDrinkUIApp.Android.csproj", "{0B172FEE-2093-411A-8871-E61FB15C87E7}"
EndProject
Project("{FAE04EC0-301F-11D3-BF4B-00C04F79EFBC}") = "FoodDrinkUIApp.iOS", "FoodDrinkUIApp.iOS\FoodDrinkUIApp.iOS.csproj", "{13ACA6DB-4B33-42EF-9EE7-7B3D8B1A0145}"
EndProject
Project("{FAE04EC0-301F-11D3-BF4B-00C04F79EFBC}") = "FoodDrinkUIApp", "FoodDrinkUIApp\FoodDrinkUIApp.csproj", "{EA9D0C91-0F64-4E1A-86F4-083D34F6B8E2}"
EndProject
Global
	GlobalSection(SolutionConfigurationPlatforms) = preSolution
		Debug|Any CPU = Debug|Any CPU
		Release|Any CPU = Release|Any CPU
		Debug|iPhoneSimulator = Debug|iPhoneSimulator
		Release|iPhoneSimulator = Release|iPhoneSimulator
		Debug|iPhone = Debug|iPhone
		Release|iPhone = Release|iPhone
	EndGlobalSection
	GlobalSection(ProjectConfigurationPlatforms) = postSolution
		{0B172FEE-2093-411A-8871-E61FB15C87E7}.Debug|Any CPU.ActiveCfg = Debug|Any CPU
		{0B172FEE-2093-411A-8871-E61FB15C87E7}.Debug|Any CPU.Build.0 = Debug|Any CPU
		{0B172FEE-2093-411A-8871-E61FB15C87E7}.Release|Any CPU.ActiveCfg = Release|Any CPU
		{0B172FEE-2093-411A-8871-E61FB15C87E7}.Release|Any CPU.Build.0 = Release|Any CPU
		{0B172FEE-2093-411A-8871-E61FB15C87E7}.Debug|iPhoneSimulator.ActiveCfg = Debug|Any CPU
		{0B172FEE-2093-411A-8871-E61FB15C87E7}.Debug|iPhoneSimulator.Build.0 = Debug|Any CPU
		{0B172FEE-2093-411A-8871-E61FB15C87E7}.Release|iPhoneSimulator.ActiveCfg = Release|Any CPU
		{0B172FEE-2093-411A-8871-E61FB15C87E7}.Release|iPhoneSimulator.Build.0 = Release|Any CPU
		{0B172FEE-2093-411A-8871-E61FB15C87E7}.Debug|iPhone.ActiveCfg = Debug|Any CPU
		{0B172FEE-2093-411A-8871-E61FB15C87E7}.Debug|iPhone.Build.0 = Debug|Any CPU
		{0B172FEE-2093-411A-8871-E61FB15C87E7}.Release|iPhone.ActiveCfg = Release|Any CPU
		{0B172FEE-2093-411A-8871-E61FB15C87E7}.Release|iPhone.Build.0 = Release|Any CPU
		{13ACA6DB-4B33-42EF-9EE7-7B3D8B1A0145}.Debug|Any CPU.ActiveCfg = Debug|iPhoneSimulator
		{13ACA6DB-4B33-42EF-9EE7-7B3D8B1A0145}.Debug|Any CPU.Build.0 = Debug|iPhoneSimulator
		{13ACA6DB-4B33-42EF-9EE7-7B3D8B1A0145}.Release|Any CPU.ActiveCfg = Release|iPhoneSimulator
		{13ACA6DB-4B33-42EF-9EE7-7B3D8B1A0145}.Release|Any CPU.Build.0 = Release|iPhoneSimulator
		{13ACA6DB-4B33-42EF-9EE7-7B3D8B1A0145}.Debug|iPhoneSimulator.ActiveCfg = Debug|iPhoneSimulator
		{13ACA6DB-4B33-42EF-9EE7-7B3D8B1A0145}.Debug|iPhoneSimulator.Build.0 = Debug|iPhoneSimulator
		{13ACA6DB-4B33-42EF-9EE7-7B3D8B1A0145}.Release|iPhoneSimulator.ActiveCfg = Release|iPhoneSimulator
		{13ACA6DB-4B33-42EF-9EE7-7B3D8B1A0145}.Release|iPhoneSimulator.Build.0 = Release|iPhoneSimulator
		{13ACA6DB-4B33-42EF-9EE7-7B3D8B1A0145}.Debug|iPhone.ActiveCfg = Debug|iPhone
		{13ACA6DB-4B33-42EF-9EE7-7B3D8B1A0145}.Debug|iPhone.Build.0 = Debug|iPhone
		{13ACA6DB-4B33-42EF-9EE7-7B3D8B1A0145}.Release|iPhone.ActiveCfg = Release|iPhone
		{13ACA6DB-4B33-42EF-9EE7-7B3D8B1A0145}.Release|iPhone.Build.0 = Release|iPhone
		{EA9D0C91-0F64-4E1A-86F4-083D34F6B8E2}.Debug|Any CPU.ActiveCfg = Debug|Any CPU
		{EA9D0C91-0F64-4E1A-86F4-083D34F6B8E2}.Debug|Any CPU.Build.0 = Debug|Any CPU
		{EA9D0C91-0F64-4E1A-86F4-083D34F6B8E2}.Release|Any CPU.ActiveCfg = Release|Any CPU
		{EA9D0C91-0F64-4E1A-86F4-083D34F6B8E2}.Release|Any CPU.Build.0 = Release|Any CPU
		{EA9D0C91-0F64-4E1A-86F4-083D34F6B8E2}.Debug|iPhoneSimulator.ActiveCfg = Debug|Any CPU
		{EA9D0C91-0F64-4E1A-86F4-083D34F6B8E2}.Debug|iPhoneSimulator.Build.0 = Debug|Any CPU
		{EA9D0C91-0F64-4E1A-86F4-083D34F6B8E2}.Release|iPhoneSimulator.ActiveCfg = Release|Any CPU
		{EA9D0C91-0F64-4E1A-86F4-083D34F6B8E2}.Release|iPhoneSimulator.Build.0 = Release|Any CPU
		{EA9D0C91-0F64-4E1A-86F4-083D34F6B8E2}.Debug|iPhone.ActiveCfg = Debug|Any CPU
		{EA9D0C91-0F64-4E1A-86F4-083D34F6B8E2}.Debug|iPhone.Build.0 = Debug|Any CPU
		{EA9D0C91-0F64-4E1A-86F4-083D34F6B8E2}.Release|iPhone.ActiveCfg = Release|Any CPU
		{EA9D0C91-0F64-4E1A-86F4-083D34F6B8E2}.Release|iPhone.Build.0 = Release|Any CPU
	EndGlobalSection
EndGlobal
